
Microsoft Visual Studio Solution File, Format Version 12.00
# Visual Studio Version 17
VisualStudioVersion = 17.0.31612.314
MinimumVisualStudioVersion = 10.0.40219.1
Project("{9A19103F-16F7-4668-BE54-9A1E7A4F7556}") = "Encryption.Bll", "Encryption.Bll\Encryption.Bll.csproj", "{0B266B50-143D-40B1-8CBB-26D0F7D2C94C}"
EndProject
Project("{9A19103F-16F7-4668-BE54-9A1E7A4F7556}") = "Encryption.App.Cmd", "Encryption.View\Encryption.App.Cmd.csproj", "{BAFF9D3B-1E4E-4542-A0D8-C1200A628896}"
EndProject
Project("{9A19103F-16F7-4668-BE54-9A1E7A4F7556}") = "Encryption.DI", "Encryption.DI\Encryption.DI.csproj", "{A7D69AC9-CA10-477B-8AA3-E3541936BCEC}"
EndProject
Project("{2150E333-8FDC-42A3-9474-1A3956D46DE8}") = "Solution Items", "Solution Items", "{685237AB-7299-49EF-B151-1CA25A9D34B8}"
	ProjectSection(SolutionItems) = preProject
		App.config = App.config
	EndProjectSection
EndProject
Project("{9A19103F-16F7-4668-BE54-9A1E7A4F7556}") = "Encryption.Config", "Encryption.Config\Encryption.Config.csproj", "{49A3F1EB-C3BE-40F1-A4CD-A59714152427}"
EndProject
Project("{9A19103F-16F7-4668-BE54-9A1E7A4F7556}") = "Encryption.Test", "Encryption.Test\Encryption.Test.csproj", "{DEC8DA04-0F79-403A-AA36-1BA22403B0DE}"
EndProject
Global
	GlobalSection(SolutionConfigurationPlatforms) = preSolution
		Debug|Any CPU = Debug|Any CPU
		Release|Any CPU = Release|Any CPU
	EndGlobalSection
	GlobalSection(ProjectConfigurationPlatforms) = postSolution
		{0B266B50-143D-40B1-8CBB-26D0F7D2C94C}.Debug|Any CPU.ActiveCfg = Debug|Any CPU
		{0B266B50-143D-40B1-8CBB-26D0F7D2C94C}.Debug|Any CPU.Build.0 = Debug|Any CPU
		{0B266B50-143D-40B1-8CBB-26D0F7D2C94C}.Release|Any CPU.ActiveCfg = Release|Any CPU
		{0B266B50-143D-40B1-8CBB-26D0F7D2C94C}.Release|Any CPU.Build.0 = Release|Any CPU
		{BAFF9D3B-1E4E-4542-A0D8-C1200A628896}.Debug|Any CPU.ActiveCfg = Debug|Any CPU
		{BAFF9D3B-1E4E-4542-A0D8-C1200A628896}.Debug|Any CPU.Build.0 = Debug|Any CPU
		{BAFF9D3B-1E4E-4542-A0D8-C1200A628896}.Release|Any CPU.ActiveCfg = Release|Any CPU
		{BAFF9D3B-1E4E-4542-A0D8-C1200A628896}.Release|Any CPU.Build.0 = Release|Any CPU
		{A7D69AC9-CA10-477B-8AA3-E3541936BCEC}.Debug|Any CPU.ActiveCfg = Debug|Any CPU
		{A7D69AC9-CA10-477B-8AA3-E3541936BCEC}.Debug|Any CPU.Build.0 = Debug|Any CPU
		{A7D69AC9-CA10-477B-8AA3-E3541936BCEC}.Release|Any CPU.ActiveCfg = Release|Any CPU
		{A7D69AC9-CA10-477B-8AA3-E3541936BCEC}.Release|Any CPU.Build.0 = Release|Any CPU
		{49A3F1EB-C3BE-40F1-A4CD-A59714152427}.Debug|Any CPU.ActiveCfg = Debug|Any CPU
		{49A3F1EB-C3BE-40F1-A4CD-A59714152427}.Debug|Any CPU.Build.0 = Debug|Any CPU
		{49A3F1EB-C3BE-40F1-A4CD-A59714152427}.Release|Any CPU.ActiveCfg = Release|Any CPU
		{49A3F1EB-C3BE-40F1-A4CD-A59714152427}.Release|Any CPU.Build.0 = Release|Any CPU
		{DEC8DA04-0F79-403A-AA36-1BA22403B0DE}.Debug|Any CPU.ActiveCfg = Debug|Any CPU
		{DEC8DA04-0F79-403A-AA36-1BA22403B0DE}.Debug|Any CPU.Build.0 = Debug|Any CPU
		{DEC8DA04-0F79-403A-AA36-1BA22403B0DE}.Release|Any CPU.ActiveCfg = Release|Any CPU
		{DEC8DA04-0F79-403A-AA36-1BA22403B0DE}.Release|Any CPU.Build.0 = Release|Any CPU
	EndGlobalSection
	GlobalSection(SolutionProperties) = preSolution
		HideSolutionNode = FALSE
	EndGlobalSection
	GlobalSection(ExtensibilityGlobals) = postSolution
		SolutionGuid = {0E9A3E5A-12FB-4E63-8879-4962282AFEAE}
	EndGlobalSection
EndGlobal
